
Microsoft Visual Studio Solution File, Format Version 12.00
# Visual Studio 15
VisualStudioVersion = 15.0.26430.6
MinimumVisualStudioVersion = 10.0.40219.1
Project("{FAE04EC0-301F-11D3-BF4B-00C04F79EFBC}") = "Exercise_01", "Exercise_01\Exercise_01.csproj", "{02903CF9-C2FC-459D-AF72-CAE5FBC37B3B}"
EndProject
Project("{FAE04EC0-301F-11D3-BF4B-00C04F79EFBC}") = "Exercise_02", "Exercise_02\Exercise_02.csproj", "{C84C3AA4-FEA4-4647-8F67-0C4BF2969B78}"
EndProject
Project("{FAE04EC0-301F-11D3-BF4B-00C04F79EFBC}") = "Exercise_03", "Exercise_03\Exercise_03.csproj", "{197B4F37-2EAA-427C-8BE8-828A06335C28}"
EndProject
Project("{FAE04EC0-301F-11D3-BF4B-00C04F79EFBC}") = "Exercise_04", "Exercise_04\Exercise_04.csproj", "{9E76426E-838B-4977-8733-276F02B5EB2F}"
EndProject
Project("{FAE04EC0-301F-11D3-BF4B-00C04F79EFBC}") = "Exercise_10", "Exercise_10\Exercise_10.csproj", "{2EDA65D9-4544-40E9-A80D-9729A71946E3}"
EndProject
Project("{FAE04EC0-301F-11D3-BF4B-00C04F79EFBC}") = "Exercise_05", "Exercise_05\Exercise_05.csproj", "{EFBCB430-141C-4D6D-A8C3-4357069A7A2F}"
EndProject
Project("{FAE04EC0-301F-11D3-BF4B-00C04F79EFBC}") = "Exercise_06", "Exercise_06\Exercise_06.csproj", "{9EF49FD5-C91C-4801-8109-3C0A1FA60368}"
EndProject
Project("{FAE04EC0-301F-11D3-BF4B-00C04F79EFBC}") = "Exercise_07", "Exercise_07\Exercise_07.csproj", "{826065BD-0ED1-46A1-B538-02AF98B16DBF}"
EndProject
Project("{FAE04EC0-301F-11D3-BF4B-00C04F79EFBC}") = "Exercise_08", "Exercise_08\Exercise_08.csproj", "{9A125292-EDC2-4323-B3D2-B349FE4F25D4}"
EndProject
Project("{FAE04EC0-301F-11D3-BF4B-00C04F79EFBC}") = "Exercise_11", "Exercise_11\Exercise_11.csproj", "{17C6DD59-85EF-430D-BA55-982C3464C940}"
EndProject
Project("{FAE04EC0-301F-11D3-BF4B-00C04F79EFBC}") = "Example_01_NOTE", "Example_01\Example_01_NOTE.csproj", "{F71778B2-ED4B-485C-9860-D8D8B7A078CC}"
EndProject
Project("{FAE04EC0-301F-11D3-BF4B-00C04F79EFBC}") = "Exercise_09", "Exercise_09\Exercise_09.csproj", "{75313B7A-574D-430D-BCE6-6349BFA015B2}"
EndProject
Project("{FAE04EC0-301F-11D3-BF4B-00C04F79EFBC}") = "Exercise_12", "Exercise_12\Exercise_12.csproj", "{F36406B0-AB90-4B94-BF9A-190AD4FE228D}"
EndProject
Global
	GlobalSection(SolutionConfigurationPlatforms) = preSolution
		Debug|Any CPU = Debug|Any CPU
		Release|Any CPU = Release|Any CPU
	EndGlobalSection
	GlobalSection(ProjectConfigurationPlatforms) = postSolution
		{02903CF9-C2FC-459D-AF72-CAE5FBC37B3B}.Debug|Any CPU.ActiveCfg = Debug|Any CPU
		{02903CF9-C2FC-459D-AF72-CAE5FBC37B3B}.Debug|Any CPU.Build.0 = Debug|Any CPU
		{02903CF9-C2FC-459D-AF72-CAE5FBC37B3B}.Release|Any CPU.ActiveCfg = Release|Any CPU
		{02903CF9-C2FC-459D-AF72-CAE5FBC37B3B}.Release|Any CPU.Build.0 = Release|Any CPU
		{C84C3AA4-FEA4-4647-8F67-0C4BF2969B78}.Debug|Any CPU.ActiveCfg = Debug|Any CPU
		{C84C3AA4-FEA4-4647-8F67-0C4BF2969B78}.Debug|Any CPU.Build.0 = Debug|Any CPU
		{C84C3AA4-FEA4-4647-8F67-0C4BF2969B78}.Release|Any CPU.ActiveCfg = Release|Any CPU
		{C84C3AA4-FEA4-4647-8F67-0C4BF2969B78}.Release|Any CPU.Build.0 = Release|Any CPU
		{197B4F37-2EAA-427C-8BE8-828A06335C28}.Debug|Any CPU.ActiveCfg = Debug|Any CPU
		{197B4F37-2EAA-427C-8BE8-828A06335C28}.Debug|Any CPU.Build.0 = Debug|Any CPU
		{197B4F37-2EAA-427C-8BE8-828A06335C28}.Release|Any CPU.ActiveCfg = Release|Any CPU
		{197B4F37-2EAA-427C-8BE8-828A06335C28}.Release|Any CPU.Build.0 = Release|Any CPU
		{9E76426E-838B-4977-8733-276F02B5EB2F}.Debug|Any CPU.ActiveCfg = Debug|Any CPU
		{9E76426E-838B-4977-8733-276F02B5EB2F}.Debug|Any CPU.Build.0 = Debug|Any CPU
		{9E76426E-838B-4977-8733-276F02B5EB2F}.Release|Any CPU.ActiveCfg = Release|Any CPU
		{9E76426E-838B-4977-8733-276F02B5EB2F}.Release|Any CPU.Build.0 = Release|Any CPU
		{2EDA65D9-4544-40E9-A80D-9729A71946E3}.Debug|Any CPU.ActiveCfg = Debug|Any CPU
		{2EDA65D9-4544-40E9-A80D-9729A71946E3}.Debug|Any CPU.Build.0 = Debug|Any CPU
		{2EDA65D9-4544-40E9-A80D-9729A71946E3}.Release|Any CPU.ActiveCfg = Release|Any CPU
		{2EDA65D9-4544-40E9-A80D-9729A71946E3}.Release|Any CPU.Build.0 = Release|Any CPU
		{EFBCB430-141C-4D6D-A8C3-4357069A7A2F}.Debug|Any CPU.ActiveCfg = Debug|Any CPU
		{EFBCB430-141C-4D6D-A8C3-4357069A7A2F}.Debug|Any CPU.Build.0 = Debug|Any CPU
		{EFBCB430-141C-4D6D-A8C3-4357069A7A2F}.Release|Any CPU.ActiveCfg = Release|Any CPU
		{EFBCB430-141C-4D6D-A8C3-4357069A7A2F}.Release|Any CPU.Build.0 = Release|Any CPU
		{9EF49FD5-C91C-4801-8109-3C0A1FA60368}.Debug|Any CPU.ActiveCfg = Debug|Any CPU
		{9EF49FD5-C91C-4801-8109-3C0A1FA60368}.Debug|Any CPU.Build.0 = Debug|Any CPU
		{9EF49FD5-C91C-4801-8109-3C0A1FA60368}.Release|Any CPU.ActiveCfg = Release|Any CPU
		{9EF49FD5-C91C-4801-8109-3C0A1FA60368}.Release|Any CPU.Build.0 = Release|Any CPU
		{826065BD-0ED1-46A1-B538-02AF98B16DBF}.Debug|Any CPU.ActiveCfg = Debug|Any CPU
		{826065BD-0ED1-46A1-B538-02AF98B16DBF}.Debug|Any CPU.Build.0 = Debug|Any CPU
		{826065BD-0ED1-46A1-B538-02AF98B16DBF}.Release|Any CPU.ActiveCfg = Release|Any CPU
		{826065BD-0ED1-46A1-B538-02AF98B16DBF}.Release|Any CPU.Build.0 = Release|Any CPU
		{9A125292-EDC2-4323-B3D2-B349FE4F25D4}.Debug|Any CPU.ActiveCfg = Debug|Any CPU
		{9A125292-EDC2-4323-B3D2-B349FE4F25D4}.Debug|Any CPU.Build.0 = Debug|Any CPU
		{9A125292-EDC2-4323-B3D2-B349FE4F25D4}.Release|Any CPU.ActiveCfg = Release|Any CPU
		{9A125292-EDC2-4323-B3D2-B349FE4F25D4}.Release|Any CPU.Build.0 = Release|Any CPU
		{17C6DD59-85EF-430D-BA55-982C3464C940}.Debug|Any CPU.ActiveCfg = Debug|Any CPU
		{17C6DD59-85EF-430D-BA55-982C3464C940}.Debug|Any CPU.Build.0 = Debug|Any CPU
		{17C6DD59-85EF-430D-BA55-982C3464C940}.Release|Any CPU.ActiveCfg = Release|Any CPU
		{17C6DD59-85EF-430D-BA55-982C3464C940}.Release|Any CPU.Build.0 = Release|Any CPU
		{F71778B2-ED4B-485C-9860-D8D8B7A078CC}.Debug|Any CPU.ActiveCfg = Debug|Any CPU
		{F71778B2-ED4B-485C-9860-D8D8B7A078CC}.Debug|Any CPU.Build.0 = Debug|Any CPU
		{F71778B2-ED4B-485C-9860-D8D8B7A078CC}.Release|Any CPU.ActiveCfg = Release|Any CPU
		{F71778B2-ED4B-485C-9860-D8D8B7A078CC}.Release|Any CPU.Build.0 = Release|Any CPU
		{75313B7A-574D-430D-BCE6-6349BFA015B2}.Debug|Any CPU.ActiveCfg = Debug|Any CPU
		{75313B7A-574D-430D-BCE6-6349BFA015B2}.Debug|Any CPU.Build.0 = Debug|Any CPU
		{75313B7A-574D-430D-BCE6-6349BFA015B2}.Release|Any CPU.ActiveCfg = Release|Any CPU
		{75313B7A-574D-430D-BCE6-6349BFA015B2}.Release|Any CPU.Build.0 = Release|Any CPU
		{F36406B0-AB90-4B94-BF9A-190AD4FE228D}.Debug|Any CPU.ActiveCfg = Debug|Any CPU
		{F36406B0-AB90-4B94-BF9A-190AD4FE228D}.Debug|Any CPU.Build.0 = Debug|Any CPU
		{F36406B0-AB90-4B94-BF9A-190AD4FE228D}.Release|Any CPU.ActiveCfg = Release|Any CPU
		{F36406B0-AB90-4B94-BF9A-190AD4FE228D}.Release|Any CPU.Build.0 = Release|Any CPU
	EndGlobalSection
	GlobalSection(SolutionProperties) = preSolution
		HideSolutionNode = FALSE
	EndGlobalSection
EndGlobal
