
Microsoft Visual Studio Solution File, Format Version 12.00
# Visual Studio 15
VisualStudioVersion = 15.0.26430.6
MinimumVisualStudioVersion = 10.0.40219.1
Project("{FAE04EC0-301F-11D3-BF4B-00C04F79EFBC}") = "Exercise_01", "Exercise_01\Exercise_01.csproj", "{420D5DD1-D292-4CE1-BB1A-62839A7E898F}"
EndProject
Project("{FAE04EC0-301F-11D3-BF4B-00C04F79EFBC}") = "Exercise_02", "Exercise_02\Exercise_02.csproj", "{7DC1D3B7-A2A0-4921-B2A1-72CEDA0E66AF}"
EndProject
Project("{FAE04EC0-301F-11D3-BF4B-00C04F79EFBC}") = "Exercise_03", "Exercise_03\Exercise_03.csproj", "{37F99681-5D69-4BCD-9198-C386ABCF003B}"
EndProject
Project("{FAE04EC0-301F-11D3-BF4B-00C04F79EFBC}") = "Exercise_04", "Exercise_04\Exercise_04.csproj", "{A5167B59-C25A-4D1C-9AD1-2E2A6480FAEF}"
EndProject
Project("{FAE04EC0-301F-11D3-BF4B-00C04F79EFBC}") = "Exercise_05", "Exercise_05\Exercise_05.csproj", "{D8D76E3B-3766-4A5E-AFF9-11F251AF0E19}"
EndProject
Project("{FAE04EC0-301F-11D3-BF4B-00C04F79EFBC}") = "Exercise_06", "Exercise_06\Exercise_06.csproj", "{5B1231FC-874F-4C37-934A-487C743E2C5F}"
EndProject
Project("{FAE04EC0-301F-11D3-BF4B-00C04F79EFBC}") = "NOTES", "NOTES\NOTES.csproj", "{8D5ABEC6-66C4-4872-8ED9-7709E5AC7067}"
EndProject
Project("{FAE04EC0-301F-11D3-BF4B-00C04F79EFBC}") = "Diamond_From_Homework_6", "Diamond_From_Homework_6\Diamond_From_Homework_6.csproj", "{5D1403E5-652D-4D17-950B-1388527509C6}"
EndProject
Project("{FAE04EC0-301F-11D3-BF4B-00C04F79EFBC}") = "HourGlass", "HourGlass\HourGlass.csproj", "{4C8BE6BA-C6D7-4CA1-982E-9C7DF737291B}"
EndProject
Global
	GlobalSection(SolutionConfigurationPlatforms) = preSolution
		Debug|Any CPU = Debug|Any CPU
		Release|Any CPU = Release|Any CPU
	EndGlobalSection
	GlobalSection(ProjectConfigurationPlatforms) = postSolution
		{420D5DD1-D292-4CE1-BB1A-62839A7E898F}.Debug|Any CPU.ActiveCfg = Debug|Any CPU
		{420D5DD1-D292-4CE1-BB1A-62839A7E898F}.Debug|Any CPU.Build.0 = Debug|Any CPU
		{420D5DD1-D292-4CE1-BB1A-62839A7E898F}.Release|Any CPU.ActiveCfg = Release|Any CPU
		{420D5DD1-D292-4CE1-BB1A-62839A7E898F}.Release|Any CPU.Build.0 = Release|Any CPU
		{7DC1D3B7-A2A0-4921-B2A1-72CEDA0E66AF}.Debug|Any CPU.ActiveCfg = Debug|Any CPU
		{7DC1D3B7-A2A0-4921-B2A1-72CEDA0E66AF}.Debug|Any CPU.Build.0 = Debug|Any CPU
		{7DC1D3B7-A2A0-4921-B2A1-72CEDA0E66AF}.Release|Any CPU.ActiveCfg = Release|Any CPU
		{7DC1D3B7-A2A0-4921-B2A1-72CEDA0E66AF}.Release|Any CPU.Build.0 = Release|Any CPU
		{37F99681-5D69-4BCD-9198-C386ABCF003B}.Debug|Any CPU.ActiveCfg = Debug|Any CPU
		{37F99681-5D69-4BCD-9198-C386ABCF003B}.Debug|Any CPU.Build.0 = Debug|Any CPU
		{37F99681-5D69-4BCD-9198-C386ABCF003B}.Release|Any CPU.ActiveCfg = Release|Any CPU
		{37F99681-5D69-4BCD-9198-C386ABCF003B}.Release|Any CPU.Build.0 = Release|Any CPU
		{A5167B59-C25A-4D1C-9AD1-2E2A6480FAEF}.Debug|Any CPU.ActiveCfg = Debug|Any CPU
		{A5167B59-C25A-4D1C-9AD1-2E2A6480FAEF}.Debug|Any CPU.Build.0 = Debug|Any CPU
		{A5167B59-C25A-4D1C-9AD1-2E2A6480FAEF}.Release|Any CPU.ActiveCfg = Release|Any CPU
		{A5167B59-C25A-4D1C-9AD1-2E2A6480FAEF}.Release|Any CPU.Build.0 = Release|Any CPU
		{D8D76E3B-3766-4A5E-AFF9-11F251AF0E19}.Debug|Any CPU.ActiveCfg = Debug|Any CPU
		{D8D76E3B-3766-4A5E-AFF9-11F251AF0E19}.Debug|Any CPU.Build.0 = Debug|Any CPU
		{D8D76E3B-3766-4A5E-AFF9-11F251AF0E19}.Release|Any CPU.ActiveCfg = Release|Any CPU
		{D8D76E3B-3766-4A5E-AFF9-11F251AF0E19}.Release|Any CPU.Build.0 = Release|Any CPU
		{5B1231FC-874F-4C37-934A-487C743E2C5F}.Debug|Any CPU.ActiveCfg = Debug|Any CPU
		{5B1231FC-874F-4C37-934A-487C743E2C5F}.Debug|Any CPU.Build.0 = Debug|Any CPU
		{5B1231FC-874F-4C37-934A-487C743E2C5F}.Release|Any CPU.ActiveCfg = Release|Any CPU
		{5B1231FC-874F-4C37-934A-487C743E2C5F}.Release|Any CPU.Build.0 = Release|Any CPU
		{8D5ABEC6-66C4-4872-8ED9-7709E5AC7067}.Debug|Any CPU.ActiveCfg = Debug|Any CPU
		{8D5ABEC6-66C4-4872-8ED9-7709E5AC7067}.Debug|Any CPU.Build.0 = Debug|Any CPU
		{8D5ABEC6-66C4-4872-8ED9-7709E5AC7067}.Release|Any CPU.ActiveCfg = Release|Any CPU
		{8D5ABEC6-66C4-4872-8ED9-7709E5AC7067}.Release|Any CPU.Build.0 = Release|Any CPU
		{5D1403E5-652D-4D17-950B-1388527509C6}.Debug|Any CPU.ActiveCfg = Debug|Any CPU
		{5D1403E5-652D-4D17-950B-1388527509C6}.Debug|Any CPU.Build.0 = Debug|Any CPU
		{5D1403E5-652D-4D17-950B-1388527509C6}.Release|Any CPU.ActiveCfg = Release|Any CPU
		{5D1403E5-652D-4D17-950B-1388527509C6}.Release|Any CPU.Build.0 = Release|Any CPU
		{4C8BE6BA-C6D7-4CA1-982E-9C7DF737291B}.Debug|Any CPU.ActiveCfg = Debug|Any CPU
		{4C8BE6BA-C6D7-4CA1-982E-9C7DF737291B}.Debug|Any CPU.Build.0 = Debug|Any CPU
		{4C8BE6BA-C6D7-4CA1-982E-9C7DF737291B}.Release|Any CPU.ActiveCfg = Release|Any CPU
		{4C8BE6BA-C6D7-4CA1-982E-9C7DF737291B}.Release|Any CPU.Build.0 = Release|Any CPU
	EndGlobalSection
	GlobalSection(SolutionProperties) = preSolution
		HideSolutionNode = FALSE
	EndGlobalSection
EndGlobal
