
Microsoft Visual Studio Solution File, Format Version 12.00
# Visual Studio 15
VisualStudioVersion = 15.0.26430.6
MinimumVisualStudioVersion = 10.0.40219.1
Project("{FAE04EC0-301F-11D3-BF4B-00C04F79EFBC}") = "Exercise_01", "Exercise_01\Exercise_01.csproj", "{D84185E6-98E3-4F38-ABBC-A680B42D0029}"
EndProject
Project("{FAE04EC0-301F-11D3-BF4B-00C04F79EFBC}") = "Exercise_02", "Exercise_02\Exercise_02.csproj", "{DE01D3F2-5C1B-4BC0-B79E-6648D2E79644}"
EndProject
Project("{FAE04EC0-301F-11D3-BF4B-00C04F79EFBC}") = "Exercise_03", "Exercise_03\Exercise_03.csproj", "{834E76A5-81DC-48AD-8A09-A58D0CF7D073}"
EndProject
Project("{FAE04EC0-301F-11D3-BF4B-00C04F79EFBC}") = "Exercise_04", "Exercise_04\Exercise_04.csproj", "{86F4A256-2F55-4237-B074-E99078A7A83C}"
EndProject
Project("{FAE04EC0-301F-11D3-BF4B-00C04F79EFBC}") = "Exercise_05", "Exercise_05\Exercise_05.csproj", "{305759A0-65AF-48D7-823D-C1F8AE3893E8}"
EndProject
Project("{FAE04EC0-301F-11D3-BF4B-00C04F79EFBC}") = "Exercise_06", "Exercise_06\Exercise_06.csproj", "{1B3AC8D2-4745-40AE-A94F-CCD69C26CA61}"
EndProject
Project("{FAE04EC0-301F-11D3-BF4B-00C04F79EFBC}") = "Exercise_07", "Exercise_07\Exercise_07.csproj", "{D05DF5DB-DBD2-41E4-9622-C01224A75AC6}"
EndProject
Project("{FAE04EC0-301F-11D3-BF4B-00C04F79EFBC}") = "Exercise_08", "Exercise_08\Exercise_08.csproj", "{A43EC31D-922F-457F-8224-C4E4CC14053F}"
EndProject
Project("{FAE04EC0-301F-11D3-BF4B-00C04F79EFBC}") = "Exercise_09", "Exercise_09\Exercise_09.csproj", "{F516CA5E-0089-4F35-BD81-0E181DF6AA07}"
EndProject
Project("{FAE04EC0-301F-11D3-BF4B-00C04F79EFBC}") = "Exercise_10", "Exercise_10\Exercise_10.csproj", "{7DD970F7-1BF7-41DF-BB85-FB054BEFCB3F}"
EndProject
Project("{FAE04EC0-301F-11D3-BF4B-00C04F79EFBC}") = "Exercise_10_v2", "Exercise_10_v2\Exercise_10_v2.csproj", "{9C131FD3-8DB2-42AF-9615-AA86C8164BC9}"
EndProject
Project("{FAE04EC0-301F-11D3-BF4B-00C04F79EFBC}") = "Exercise_11", "Exercise_11\Exercise_11.csproj", "{74C56657-EC0C-44D0-9659-9254E6BD6173}"
EndProject
Project("{FAE04EC0-301F-11D3-BF4B-00C04F79EFBC}") = "Exercise_10_v3", "Exercise_10_v3\Exercise_10_v3.csproj", "{6C682A3B-E005-43C3-AB86-1960192D53A3}"
EndProject
Project("{FAE04EC0-301F-11D3-BF4B-00C04F79EFBC}") = "Exercise_12", "Exercise_12\Exercise_12.csproj", "{59ABCD07-450B-4649-BBAE-67D5DE8A78D4}"
EndProject
Project("{FAE04EC0-301F-11D3-BF4B-00C04F79EFBC}") = "Exercise_13", "Exercise_13\Exercise_13.csproj", "{F1DE884D-5C9D-4F13-9FC6-504B8C9638DA}"
EndProject
Project("{FAE04EC0-301F-11D3-BF4B-00C04F79EFBC}") = "Exercise_14", "Exercise_14\Exercise_14.csproj", "{707CAF26-80A6-44EE-BC27-596DBBA8120F}"
EndProject
Global
	GlobalSection(SolutionConfigurationPlatforms) = preSolution
		Debug|Any CPU = Debug|Any CPU
		Release|Any CPU = Release|Any CPU
	EndGlobalSection
	GlobalSection(ProjectConfigurationPlatforms) = postSolution
		{D84185E6-98E3-4F38-ABBC-A680B42D0029}.Debug|Any CPU.ActiveCfg = Debug|Any CPU
		{D84185E6-98E3-4F38-ABBC-A680B42D0029}.Debug|Any CPU.Build.0 = Debug|Any CPU
		{D84185E6-98E3-4F38-ABBC-A680B42D0029}.Release|Any CPU.ActiveCfg = Release|Any CPU
		{D84185E6-98E3-4F38-ABBC-A680B42D0029}.Release|Any CPU.Build.0 = Release|Any CPU
		{DE01D3F2-5C1B-4BC0-B79E-6648D2E79644}.Debug|Any CPU.ActiveCfg = Debug|Any CPU
		{DE01D3F2-5C1B-4BC0-B79E-6648D2E79644}.Debug|Any CPU.Build.0 = Debug|Any CPU
		{DE01D3F2-5C1B-4BC0-B79E-6648D2E79644}.Release|Any CPU.ActiveCfg = Release|Any CPU
		{DE01D3F2-5C1B-4BC0-B79E-6648D2E79644}.Release|Any CPU.Build.0 = Release|Any CPU
		{834E76A5-81DC-48AD-8A09-A58D0CF7D073}.Debug|Any CPU.ActiveCfg = Debug|Any CPU
		{834E76A5-81DC-48AD-8A09-A58D0CF7D073}.Debug|Any CPU.Build.0 = Debug|Any CPU
		{834E76A5-81DC-48AD-8A09-A58D0CF7D073}.Release|Any CPU.ActiveCfg = Release|Any CPU
		{834E76A5-81DC-48AD-8A09-A58D0CF7D073}.Release|Any CPU.Build.0 = Release|Any CPU
		{86F4A256-2F55-4237-B074-E99078A7A83C}.Debug|Any CPU.ActiveCfg = Debug|Any CPU
		{86F4A256-2F55-4237-B074-E99078A7A83C}.Debug|Any CPU.Build.0 = Debug|Any CPU
		{86F4A256-2F55-4237-B074-E99078A7A83C}.Release|Any CPU.ActiveCfg = Release|Any CPU
		{86F4A256-2F55-4237-B074-E99078A7A83C}.Release|Any CPU.Build.0 = Release|Any CPU
		{305759A0-65AF-48D7-823D-C1F8AE3893E8}.Debug|Any CPU.ActiveCfg = Debug|Any CPU
		{305759A0-65AF-48D7-823D-C1F8AE3893E8}.Debug|Any CPU.Build.0 = Debug|Any CPU
		{305759A0-65AF-48D7-823D-C1F8AE3893E8}.Release|Any CPU.ActiveCfg = Release|Any CPU
		{305759A0-65AF-48D7-823D-C1F8AE3893E8}.Release|Any CPU.Build.0 = Release|Any CPU
		{1B3AC8D2-4745-40AE-A94F-CCD69C26CA61}.Debug|Any CPU.ActiveCfg = Debug|Any CPU
		{1B3AC8D2-4745-40AE-A94F-CCD69C26CA61}.Debug|Any CPU.Build.0 = Debug|Any CPU
		{1B3AC8D2-4745-40AE-A94F-CCD69C26CA61}.Release|Any CPU.ActiveCfg = Release|Any CPU
		{1B3AC8D2-4745-40AE-A94F-CCD69C26CA61}.Release|Any CPU.Build.0 = Release|Any CPU
		{D05DF5DB-DBD2-41E4-9622-C01224A75AC6}.Debug|Any CPU.ActiveCfg = Debug|Any CPU
		{D05DF5DB-DBD2-41E4-9622-C01224A75AC6}.Debug|Any CPU.Build.0 = Debug|Any CPU
		{D05DF5DB-DBD2-41E4-9622-C01224A75AC6}.Release|Any CPU.ActiveCfg = Release|Any CPU
		{D05DF5DB-DBD2-41E4-9622-C01224A75AC6}.Release|Any CPU.Build.0 = Release|Any CPU
		{A43EC31D-922F-457F-8224-C4E4CC14053F}.Debug|Any CPU.ActiveCfg = Debug|Any CPU
		{A43EC31D-922F-457F-8224-C4E4CC14053F}.Debug|Any CPU.Build.0 = Debug|Any CPU
		{A43EC31D-922F-457F-8224-C4E4CC14053F}.Release|Any CPU.ActiveCfg = Release|Any CPU
		{A43EC31D-922F-457F-8224-C4E4CC14053F}.Release|Any CPU.Build.0 = Release|Any CPU
		{F516CA5E-0089-4F35-BD81-0E181DF6AA07}.Debug|Any CPU.ActiveCfg = Debug|Any CPU
		{F516CA5E-0089-4F35-BD81-0E181DF6AA07}.Debug|Any CPU.Build.0 = Debug|Any CPU
		{F516CA5E-0089-4F35-BD81-0E181DF6AA07}.Release|Any CPU.ActiveCfg = Release|Any CPU
		{F516CA5E-0089-4F35-BD81-0E181DF6AA07}.Release|Any CPU.Build.0 = Release|Any CPU
		{7DD970F7-1BF7-41DF-BB85-FB054BEFCB3F}.Debug|Any CPU.ActiveCfg = Debug|Any CPU
		{7DD970F7-1BF7-41DF-BB85-FB054BEFCB3F}.Debug|Any CPU.Build.0 = Debug|Any CPU
		{7DD970F7-1BF7-41DF-BB85-FB054BEFCB3F}.Release|Any CPU.ActiveCfg = Release|Any CPU
		{7DD970F7-1BF7-41DF-BB85-FB054BEFCB3F}.Release|Any CPU.Build.0 = Release|Any CPU
		{9C131FD3-8DB2-42AF-9615-AA86C8164BC9}.Debug|Any CPU.ActiveCfg = Debug|Any CPU
		{9C131FD3-8DB2-42AF-9615-AA86C8164BC9}.Debug|Any CPU.Build.0 = Debug|Any CPU
		{9C131FD3-8DB2-42AF-9615-AA86C8164BC9}.Release|Any CPU.ActiveCfg = Release|Any CPU
		{9C131FD3-8DB2-42AF-9615-AA86C8164BC9}.Release|Any CPU.Build.0 = Release|Any CPU
		{74C56657-EC0C-44D0-9659-9254E6BD6173}.Debug|Any CPU.ActiveCfg = Debug|Any CPU
		{74C56657-EC0C-44D0-9659-9254E6BD6173}.Debug|Any CPU.Build.0 = Debug|Any CPU
		{74C56657-EC0C-44D0-9659-9254E6BD6173}.Release|Any CPU.ActiveCfg = Release|Any CPU
		{74C56657-EC0C-44D0-9659-9254E6BD6173}.Release|Any CPU.Build.0 = Release|Any CPU
		{6C682A3B-E005-43C3-AB86-1960192D53A3}.Debug|Any CPU.ActiveCfg = Debug|Any CPU
		{6C682A3B-E005-43C3-AB86-1960192D53A3}.Debug|Any CPU.Build.0 = Debug|Any CPU
		{6C682A3B-E005-43C3-AB86-1960192D53A3}.Release|Any CPU.ActiveCfg = Release|Any CPU
		{6C682A3B-E005-43C3-AB86-1960192D53A3}.Release|Any CPU.Build.0 = Release|Any CPU
		{59ABCD07-450B-4649-BBAE-67D5DE8A78D4}.Debug|Any CPU.ActiveCfg = Debug|Any CPU
		{59ABCD07-450B-4649-BBAE-67D5DE8A78D4}.Debug|Any CPU.Build.0 = Debug|Any CPU
		{59ABCD07-450B-4649-BBAE-67D5DE8A78D4}.Release|Any CPU.ActiveCfg = Release|Any CPU
		{59ABCD07-450B-4649-BBAE-67D5DE8A78D4}.Release|Any CPU.Build.0 = Release|Any CPU
		{F1DE884D-5C9D-4F13-9FC6-504B8C9638DA}.Debug|Any CPU.ActiveCfg = Debug|Any CPU
		{F1DE884D-5C9D-4F13-9FC6-504B8C9638DA}.Debug|Any CPU.Build.0 = Debug|Any CPU
		{F1DE884D-5C9D-4F13-9FC6-504B8C9638DA}.Release|Any CPU.ActiveCfg = Release|Any CPU
		{F1DE884D-5C9D-4F13-9FC6-504B8C9638DA}.Release|Any CPU.Build.0 = Release|Any CPU
		{707CAF26-80A6-44EE-BC27-596DBBA8120F}.Debug|Any CPU.ActiveCfg = Debug|Any CPU
		{707CAF26-80A6-44EE-BC27-596DBBA8120F}.Debug|Any CPU.Build.0 = Debug|Any CPU
		{707CAF26-80A6-44EE-BC27-596DBBA8120F}.Release|Any CPU.ActiveCfg = Release|Any CPU
		{707CAF26-80A6-44EE-BC27-596DBBA8120F}.Release|Any CPU.Build.0 = Release|Any CPU
	EndGlobalSection
	GlobalSection(SolutionProperties) = preSolution
		HideSolutionNode = FALSE
	EndGlobalSection
EndGlobal
