
Microsoft Visual Studio Solution File, Format Version 12.00
# Visual Studio 15
VisualStudioVersion = 15.0.26430.6
MinimumVisualStudioVersion = 10.0.40219.1
Project("{FAE04EC0-301F-11D3-BF4B-00C04F79EFBC}") = "1_HelloSoftUni", "Task_1\1_HelloSoftUni.csproj", "{E68D8B00-27F6-4F3E-A646-0C960655B773}"
EndProject
Project("{FAE04EC0-301F-11D3-BF4B-00C04F79EFBC}") = "2_Expression", "2_Expression\2_Expression.csproj", "{185E49F3-C718-4075-BA99-739E4387D394}"
EndProject
Project("{FAE04EC0-301F-11D3-BF4B-00C04F79EFBC}") = "3_Nums1To20", "3_Nums1To20\3_Nums1To20.csproj", "{3C211B1E-1F62-419C-991E-59C88B8FDA23}"
EndProject
Project("{FAE04EC0-301F-11D3-BF4B-00C04F79EFBC}") = "4_TriangleOf55Stars", "4_TriangleOf55Stars\4_TriangleOf55Stars.csproj", "{DF9913EE-44B5-4488-9507-499BBB1506E8}"
EndProject
Project("{FAE04EC0-301F-11D3-BF4B-00C04F79EFBC}") = "4_TriangleOf55Stars_1", "4.1_TriangleOf55Stars\4_TriangleOf55Stars_1.csproj", "{B637FF6C-D6D2-4BA2-A13E-0030DA20AED9}"
EndProject
Project("{FAE04EC0-301F-11D3-BF4B-00C04F79EFBC}") = "5_TriangleSurface_Orig", "5_TriangleSurface\5_TriangleSurface_Orig.csproj", "{1207FE13-2E8B-4270-898A-914FB8D8784C}"
EndProject
Project("{FAE04EC0-301F-11D3-BF4B-00C04F79EFBC}") = "5_TriangleSurface", "5_TriangleSurface1\5_TriangleSurface.csproj", "{F7D90ABB-749F-40E6-8DFC-55824FA9EF86}"
EndProject
Project("{FAE04EC0-301F-11D3-BF4B-00C04F79EFBC}") = "6_RectangleStars", "6_RectangleStars\6_RectangleStars.csproj", "{77F6B68C-9642-4BD9-8474-C2E0B8752447}"
EndProject
Global
	GlobalSection(SolutionConfigurationPlatforms) = preSolution
		Debug|Any CPU = Debug|Any CPU
		Release|Any CPU = Release|Any CPU
	EndGlobalSection
	GlobalSection(ProjectConfigurationPlatforms) = postSolution
		{E68D8B00-27F6-4F3E-A646-0C960655B773}.Debug|Any CPU.ActiveCfg = Debug|Any CPU
		{E68D8B00-27F6-4F3E-A646-0C960655B773}.Debug|Any CPU.Build.0 = Debug|Any CPU
		{E68D8B00-27F6-4F3E-A646-0C960655B773}.Release|Any CPU.ActiveCfg = Release|Any CPU
		{E68D8B00-27F6-4F3E-A646-0C960655B773}.Release|Any CPU.Build.0 = Release|Any CPU
		{185E49F3-C718-4075-BA99-739E4387D394}.Debug|Any CPU.ActiveCfg = Debug|Any CPU
		{185E49F3-C718-4075-BA99-739E4387D394}.Debug|Any CPU.Build.0 = Debug|Any CPU
		{185E49F3-C718-4075-BA99-739E4387D394}.Release|Any CPU.ActiveCfg = Release|Any CPU
		{185E49F3-C718-4075-BA99-739E4387D394}.Release|Any CPU.Build.0 = Release|Any CPU
		{3C211B1E-1F62-419C-991E-59C88B8FDA23}.Debug|Any CPU.ActiveCfg = Debug|Any CPU
		{3C211B1E-1F62-419C-991E-59C88B8FDA23}.Debug|Any CPU.Build.0 = Debug|Any CPU
		{3C211B1E-1F62-419C-991E-59C88B8FDA23}.Release|Any CPU.ActiveCfg = Release|Any CPU
		{3C211B1E-1F62-419C-991E-59C88B8FDA23}.Release|Any CPU.Build.0 = Release|Any CPU
		{DF9913EE-44B5-4488-9507-499BBB1506E8}.Debug|Any CPU.ActiveCfg = Debug|Any CPU
		{DF9913EE-44B5-4488-9507-499BBB1506E8}.Debug|Any CPU.Build.0 = Debug|Any CPU
		{DF9913EE-44B5-4488-9507-499BBB1506E8}.Release|Any CPU.ActiveCfg = Release|Any CPU
		{DF9913EE-44B5-4488-9507-499BBB1506E8}.Release|Any CPU.Build.0 = Release|Any CPU
		{B637FF6C-D6D2-4BA2-A13E-0030DA20AED9}.Debug|Any CPU.ActiveCfg = Debug|Any CPU
		{B637FF6C-D6D2-4BA2-A13E-0030DA20AED9}.Debug|Any CPU.Build.0 = Debug|Any CPU
		{B637FF6C-D6D2-4BA2-A13E-0030DA20AED9}.Release|Any CPU.ActiveCfg = Release|Any CPU
		{B637FF6C-D6D2-4BA2-A13E-0030DA20AED9}.Release|Any CPU.Build.0 = Release|Any CPU
		{1207FE13-2E8B-4270-898A-914FB8D8784C}.Debug|Any CPU.ActiveCfg = Debug|Any CPU
		{1207FE13-2E8B-4270-898A-914FB8D8784C}.Debug|Any CPU.Build.0 = Debug|Any CPU
		{1207FE13-2E8B-4270-898A-914FB8D8784C}.Release|Any CPU.ActiveCfg = Release|Any CPU
		{1207FE13-2E8B-4270-898A-914FB8D8784C}.Release|Any CPU.Build.0 = Release|Any CPU
		{F7D90ABB-749F-40E6-8DFC-55824FA9EF86}.Debug|Any CPU.ActiveCfg = Debug|Any CPU
		{F7D90ABB-749F-40E6-8DFC-55824FA9EF86}.Debug|Any CPU.Build.0 = Debug|Any CPU
		{F7D90ABB-749F-40E6-8DFC-55824FA9EF86}.Release|Any CPU.ActiveCfg = Release|Any CPU
		{F7D90ABB-749F-40E6-8DFC-55824FA9EF86}.Release|Any CPU.Build.0 = Release|Any CPU
		{77F6B68C-9642-4BD9-8474-C2E0B8752447}.Debug|Any CPU.ActiveCfg = Debug|Any CPU
		{77F6B68C-9642-4BD9-8474-C2E0B8752447}.Debug|Any CPU.Build.0 = Debug|Any CPU
		{77F6B68C-9642-4BD9-8474-C2E0B8752447}.Release|Any CPU.ActiveCfg = Release|Any CPU
		{77F6B68C-9642-4BD9-8474-C2E0B8752447}.Release|Any CPU.Build.0 = Release|Any CPU
	EndGlobalSection
	GlobalSection(SolutionProperties) = preSolution
		HideSolutionNode = FALSE
	EndGlobalSection
EndGlobal
